// !$*UTF8*$!
{
	archiveVersion = 1;
	classes = {
	};
	objectVersion = 46;
	objects = {

/* Begin PBXBuildFile section */
		E40EF78B1BC5C6AD0016DB8C /* TabMapViewController.swift in Sources */ = {isa = PBXBuildFile; fileRef = E40EF78A1BC5C6AD0016DB8C /* TabMapViewController.swift */; };
		E40EF78D1BC5C7AC0016DB8C /* TabPostViewController.swift in Sources */ = {isa = PBXBuildFile; fileRef = E40EF78C1BC5C7AC0016DB8C /* TabPostViewController.swift */; };
		E40EF7A31BCA90D30016DB8C /* Cell.swift in Sources */ = {isa = PBXBuildFile; fileRef = E40EF7A21BCA90D30016DB8C /* Cell.swift */; };
		E40EF7A51BCA91AD0016DB8C /* TabFeedViewController.swift in Sources */ = {isa = PBXBuildFile; fileRef = E40EF7A41BCA91AD0016DB8C /* TabFeedViewController.swift */; };
		E41EA0AF1BA876AA004F9A88 /* MapAnnotation.swift in Sources */ = {isa = PBXBuildFile; fileRef = E41EA0AE1BA876AA004F9A88 /* MapAnnotation.swift */; };
		E43BB91C1ACEE37500E47637 /* HomeViewController.swift in Sources */ = {isa = PBXBuildFile; fileRef = E43BB91B1ACEE37500E47637 /* HomeViewController.swift */; };
		E43C10001B24E35A00906B5D /* camera_large.png in Resources */ = {isa = PBXBuildFile; fileRef = E43C0FFF1B24E35A00906B5D /* camera_large.png */; };
		E44367221BC1875200A05564 /* UIImage+FileSize.swift in Sources */ = {isa = PBXBuildFile; fileRef = E44367211BC1875200A05564 /* UIImage+FileSize.swift */; };
		E45714131BE2D3B2000E219A /* Bolts.framework in Frameworks */ = {isa = PBXBuildFile; fileRef = E45714111BE2D3B2000E219A /* Bolts.framework */; };
		E45714141BE2D3B2000E219A /* Parse.framework in Frameworks */ = {isa = PBXBuildFile; fileRef = E45714121BE2D3B2000E219A /* Parse.framework */; };
		E45714161BE67796000E219A /* CustomMapAnnotation.swift in Sources */ = {isa = PBXBuildFile; fileRef = E45714151BE67796000E219A /* CustomMapAnnotation.swift */; };
		E47F742C1B73DCF100CF6661 /* MapViewController.swift in Sources */ = {isa = PBXBuildFile; fileRef = E47F742B1B73DCF100CF6661 /* MapViewController.swift */; };
		E4ED3D3B1AC0AB4E00310F5F /* AppDelegate.swift in Sources */ = {isa = PBXBuildFile; fileRef = E4ED3D3A1AC0AB4E00310F5F /* AppDelegate.swift */; };
		E4ED3D3E1AC0AB4E00310F5F /* Honours_Project.xcdatamodeld in Sources */ = {isa = PBXBuildFile; fileRef = E4ED3D3C1AC0AB4E00310F5F /* Honours_Project.xcdatamodeld */; };
		E4ED3D401AC0AB4E00310F5F /* ViewController.swift in Sources */ = {isa = PBXBuildFile; fileRef = E4ED3D3F1AC0AB4E00310F5F /* ViewController.swift */; };
		E4ED3D431AC0AB4E00310F5F /* Main.storyboard in Resources */ = {isa = PBXBuildFile; fileRef = E4ED3D411AC0AB4E00310F5F /* Main.storyboard */; };
		E4ED3D451AC0AB4E00310F5F /* Images.xcassets in Resources */ = {isa = PBXBuildFile; fileRef = E4ED3D441AC0AB4E00310F5F /* Images.xcassets */; };
		E4ED3D481AC0AB4E00310F5F /* LaunchScreen.xib in Resources */ = {isa = PBXBuildFile; fileRef = E4ED3D461AC0AB4E00310F5F /* LaunchScreen.xib */; };
		E4ED3D541AC0AB4E00310F5F /* Honours_ProjectTests.swift in Sources */ = {isa = PBXBuildFile; fileRef = E4ED3D531AC0AB4E00310F5F /* Honours_ProjectTests.swift */; };
		E4ED3D661AC0AC8F00310F5F /* AudioToolbox.framework in Frameworks */ = {isa = PBXBuildFile; fileRef = E4ED3D651AC0AC8F00310F5F /* AudioToolbox.framework */; };
		E4ED3D681AC0AC9800310F5F /* CFNetwork.framework in Frameworks */ = {isa = PBXBuildFile; fileRef = E4ED3D671AC0AC9800310F5F /* CFNetwork.framework */; };
		E4ED3D6A1AC0AC9F00310F5F /* CoreGraphics.framework in Frameworks */ = {isa = PBXBuildFile; fileRef = E4ED3D691AC0AC9F00310F5F /* CoreGraphics.framework */; };
		E4ED3D6C1AC0ACA700310F5F /* CoreLocation.framework in Frameworks */ = {isa = PBXBuildFile; fileRef = E4ED3D6B1AC0ACA700310F5F /* CoreLocation.framework */; };
		E4ED3D6E1AC0ACB100310F5F /* libz.dylib in Frameworks */ = {isa = PBXBuildFile; fileRef = E4ED3D6D1AC0ACB100310F5F /* libz.dylib */; };
		E4ED3D701AC0ACBC00310F5F /* MobileCoreServices.framework in Frameworks */ = {isa = PBXBuildFile; fileRef = E4ED3D6F1AC0ACBC00310F5F /* MobileCoreServices.framework */; };
		E4ED3D721AC0ACC800310F5F /* QuartzCore.framework in Frameworks */ = {isa = PBXBuildFile; fileRef = E4ED3D711AC0ACC800310F5F /* QuartzCore.framework */; };
		E4ED3D741AC0ACD200310F5F /* Security.framework in Frameworks */ = {isa = PBXBuildFile; fileRef = E4ED3D731AC0ACD200310F5F /* Security.framework */; };
		E4ED3D761AC0ACDE00310F5F /* StoreKit.framework in Frameworks */ = {isa = PBXBuildFile; fileRef = E4ED3D751AC0ACDE00310F5F /* StoreKit.framework */; };
		E4ED3D781AC0ACE600310F5F /* SystemConfiguration.framework in Frameworks */ = {isa = PBXBuildFile; fileRef = E4ED3D771AC0ACE600310F5F /* SystemConfiguration.framework */; };
		E4ED3D7A1AC0ACF100310F5F /* libsqlite3.dylib in Frameworks */ = {isa = PBXBuildFile; fileRef = E4ED3D791AC0ACF100310F5F /* libsqlite3.dylib */; };
		E4ED3D811ACDA65500310F5F /* SignUpViewController.swift in Sources */ = {isa = PBXBuildFile; fileRef = E4ED3D801ACDA65500310F5F /* SignUpViewController.swift */; };
/* End PBXBuildFile section */

/* Begin PBXContainerItemProxy section */
		E4ED3D4E1AC0AB4E00310F5F /* PBXContainerItemProxy */ = {
			isa = PBXContainerItemProxy;
			containerPortal = E4ED3D2D1AC0AB4E00310F5F /* Project object */;
			proxyType = 1;
			remoteGlobalIDString = E4ED3D341AC0AB4E00310F5F;
			remoteInfo = "Honours Project";
		};
/* End PBXContainerItemProxy section */

/* Begin PBXFileReference section */
		E40EF78A1BC5C6AD0016DB8C /* TabMapViewController.swift */ = {isa = PBXFileReference; fileEncoding = 4; lastKnownFileType = sourcecode.swift; path = TabMapViewController.swift; sourceTree = "<group>"; };
		E40EF78C1BC5C7AC0016DB8C /* TabPostViewController.swift */ = {isa = PBXFileReference; fileEncoding = 4; lastKnownFileType = sourcecode.swift; path = TabPostViewController.swift; sourceTree = "<group>"; };
		E40EF7A21BCA90D30016DB8C /* Cell.swift */ = {isa = PBXFileReference; fileEncoding = 4; lastKnownFileType = sourcecode.swift; path = Cell.swift; sourceTree = "<group>"; };
		E40EF7A41BCA91AD0016DB8C /* TabFeedViewController.swift */ = {isa = PBXFileReference; fileEncoding = 4; lastKnownFileType = sourcecode.swift; path = TabFeedViewController.swift; sourceTree = "<group>"; };
		E41EA0AE1BA876AA004F9A88 /* MapAnnotation.swift */ = {isa = PBXFileReference; fileEncoding = 4; lastKnownFileType = sourcecode.swift; path = MapAnnotation.swift; sourceTree = "<group>"; };
		E43BB91B1ACEE37500E47637 /* HomeViewController.swift */ = {isa = PBXFileReference; fileEncoding = 4; lastKnownFileType = sourcecode.swift; path = HomeViewController.swift; sourceTree = "<group>"; };
		E43C0FFF1B24E35A00906B5D /* camera_large.png */ = {isa = PBXFileReference; lastKnownFileType = image.png; path = camera_large.png; sourceTree = "<group>"; };
		E44367211BC1875200A05564 /* UIImage+FileSize.swift */ = {isa = PBXFileReference; fileEncoding = 4; lastKnownFileType = sourcecode.swift; path = "UIImage+FileSize.swift"; sourceTree = "<group>"; };
		E45714111BE2D3B2000E219A /* Bolts.framework */ = {isa = PBXFileReference; lastKnownFileType = wrapper.framework; path = Bolts.framework; sourceTree = "<group>"; };
		E45714121BE2D3B2000E219A /* Parse.framework */ = {isa = PBXFileReference; lastKnownFileType = wrapper.framework; path = Parse.framework; sourceTree = "<group>"; };
		E45714151BE67796000E219A /* CustomMapAnnotation.swift */ = {isa = PBXFileReference; fileEncoding = 4; lastKnownFileType = sourcecode.swift; path = CustomMapAnnotation.swift; sourceTree = "<group>"; };
		E47F742B1B73DCF100CF6661 /* MapViewController.swift */ = {isa = PBXFileReference; fileEncoding = 4; lastKnownFileType = sourcecode.swift; path = MapViewController.swift; sourceTree = "<group>"; };
		E4ED3D351AC0AB4E00310F5F /* InstaMap.app */ = {isa = PBXFileReference; explicitFileType = wrapper.application; includeInIndex = 0; path = InstaMap.app; sourceTree = BUILT_PRODUCTS_DIR; };
		E4ED3D391AC0AB4E00310F5F /* Info.plist */ = {isa = PBXFileReference; lastKnownFileType = text.plist.xml; path = Info.plist; sourceTree = "<group>"; };
		E4ED3D3A1AC0AB4E00310F5F /* AppDelegate.swift */ = {isa = PBXFileReference; lastKnownFileType = sourcecode.swift; path = AppDelegate.swift; sourceTree = "<group>"; };
		E4ED3D3D1AC0AB4E00310F5F /* Honours_Project.xcdatamodel */ = {isa = PBXFileReference; lastKnownFileType = wrapper.xcdatamodel; path = Honours_Project.xcdatamodel; sourceTree = "<group>"; };
		E4ED3D3F1AC0AB4E00310F5F /* ViewController.swift */ = {isa = PBXFileReference; lastKnownFileType = sourcecode.swift; path = ViewController.swift; sourceTree = "<group>"; };
		E4ED3D421AC0AB4E00310F5F /* Base */ = {isa = PBXFileReference; lastKnownFileType = file.storyboard; name = Base; path = Base.lproj/Main.storyboard; sourceTree = "<group>"; };
		E4ED3D441AC0AB4E00310F5F /* Images.xcassets */ = {isa = PBXFileReference; lastKnownFileType = folder.assetcatalog; path = Images.xcassets; sourceTree = "<group>"; };
		E4ED3D471AC0AB4E00310F5F /* Base */ = {isa = PBXFileReference; lastKnownFileType = file.xib; name = Base; path = Base.lproj/LaunchScreen.xib; sourceTree = "<group>"; };
		E4ED3D4D1AC0AB4E00310F5F /* Honours ProjectTests.xctest */ = {isa = PBXFileReference; explicitFileType = wrapper.cfbundle; includeInIndex = 0; path = "Honours ProjectTests.xctest"; sourceTree = BUILT_PRODUCTS_DIR; };
		E4ED3D521AC0AB4E00310F5F /* Info.plist */ = {isa = PBXFileReference; lastKnownFileType = text.plist.xml; path = Info.plist; sourceTree = "<group>"; };
		E4ED3D531AC0AB4E00310F5F /* Honours_ProjectTests.swift */ = {isa = PBXFileReference; lastKnownFileType = sourcecode.swift; path = Honours_ProjectTests.swift; sourceTree = "<group>"; };
		E4ED3D651AC0AC8F00310F5F /* AudioToolbox.framework */ = {isa = PBXFileReference; lastKnownFileType = wrapper.framework; name = AudioToolbox.framework; path = System/Library/Frameworks/AudioToolbox.framework; sourceTree = SDKROOT; };
		E4ED3D671AC0AC9800310F5F /* CFNetwork.framework */ = {isa = PBXFileReference; lastKnownFileType = wrapper.framework; name = CFNetwork.framework; path = System/Library/Frameworks/CFNetwork.framework; sourceTree = SDKROOT; };
		E4ED3D691AC0AC9F00310F5F /* CoreGraphics.framework */ = {isa = PBXFileReference; lastKnownFileType = wrapper.framework; name = CoreGraphics.framework; path = System/Library/Frameworks/CoreGraphics.framework; sourceTree = SDKROOT; };
		E4ED3D6B1AC0ACA700310F5F /* CoreLocation.framework */ = {isa = PBXFileReference; lastKnownFileType = wrapper.framework; name = CoreLocation.framework; path = System/Library/Frameworks/CoreLocation.framework; sourceTree = SDKROOT; };
		E4ED3D6D1AC0ACB100310F5F /* libz.dylib */ = {isa = PBXFileReference; lastKnownFileType = "compiled.mach-o.dylib"; name = libz.dylib; path = usr/lib/libz.dylib; sourceTree = SDKROOT; };
		E4ED3D6F1AC0ACBC00310F5F /* MobileCoreServices.framework */ = {isa = PBXFileReference; lastKnownFileType = wrapper.framework; name = MobileCoreServices.framework; path = System/Library/Frameworks/MobileCoreServices.framework; sourceTree = SDKROOT; };
		E4ED3D711AC0ACC800310F5F /* QuartzCore.framework */ = {isa = PBXFileReference; lastKnownFileType = wrapper.framework; name = QuartzCore.framework; path = System/Library/Frameworks/QuartzCore.framework; sourceTree = SDKROOT; };
		E4ED3D731AC0ACD200310F5F /* Security.framework */ = {isa = PBXFileReference; lastKnownFileType = wrapper.framework; name = Security.framework; path = System/Library/Frameworks/Security.framework; sourceTree = SDKROOT; };
		E4ED3D751AC0ACDE00310F5F /* StoreKit.framework */ = {isa = PBXFileReference; lastKnownFileType = wrapper.framework; name = StoreKit.framework; path = System/Library/Frameworks/StoreKit.framework; sourceTree = SDKROOT; };
		E4ED3D771AC0ACE600310F5F /* SystemConfiguration.framework */ = {isa = PBXFileReference; lastKnownFileType = wrapper.framework; name = SystemConfiguration.framework; path = System/Library/Frameworks/SystemConfiguration.framework; sourceTree = SDKROOT; };
		E4ED3D791AC0ACF100310F5F /* libsqlite3.dylib */ = {isa = PBXFileReference; lastKnownFileType = "compiled.mach-o.dylib"; name = libsqlite3.dylib; path = usr/lib/libsqlite3.dylib; sourceTree = SDKROOT; };
		E4ED3D7B1AC0AD7E00310F5F /* Honours Project-Bridging-Header.h */ = {isa = PBXFileReference; lastKnownFileType = sourcecode.c.h; path = "Honours Project-Bridging-Header.h"; sourceTree = "<group>"; };
		E4ED3D801ACDA65500310F5F /* SignUpViewController.swift */ = {isa = PBXFileReference; fileEncoding = 4; lastKnownFileType = sourcecode.swift; path = SignUpViewController.swift; sourceTree = "<group>"; };
/* End PBXFileReference section */

/* Begin PBXFrameworksBuildPhase section */
		E4ED3D321AC0AB4E00310F5F /* Frameworks */ = {
			isa = PBXFrameworksBuildPhase;
			buildActionMask = 2147483647;
			files = (
				E4ED3D6C1AC0ACA700310F5F /* CoreLocation.framework in Frameworks */,
				E4ED3D7A1AC0ACF100310F5F /* libsqlite3.dylib in Frameworks */,
				E4ED3D781AC0ACE600310F5F /* SystemConfiguration.framework in Frameworks */,
				E45714131BE2D3B2000E219A /* Bolts.framework in Frameworks */,
				E4ED3D761AC0ACDE00310F5F /* StoreKit.framework in Frameworks */,
				E4ED3D741AC0ACD200310F5F /* Security.framework in Frameworks */,
				E45714141BE2D3B2000E219A /* Parse.framework in Frameworks */,
				E4ED3D721AC0ACC800310F5F /* QuartzCore.framework in Frameworks */,
				E4ED3D701AC0ACBC00310F5F /* MobileCoreServices.framework in Frameworks */,
				E4ED3D6E1AC0ACB100310F5F /* libz.dylib in Frameworks */,
				E4ED3D6A1AC0AC9F00310F5F /* CoreGraphics.framework in Frameworks */,
				E4ED3D681AC0AC9800310F5F /* CFNetwork.framework in Frameworks */,
				E4ED3D661AC0AC8F00310F5F /* AudioToolbox.framework in Frameworks */,
			);
			runOnlyForDeploymentPostprocessing = 0;
		};
		E4ED3D4A1AC0AB4E00310F5F /* Frameworks */ = {
			isa = PBXFrameworksBuildPhase;
			buildActionMask = 2147483647;
			files = (
			);
			runOnlyForDeploymentPostprocessing = 0;
		};
/* End PBXFrameworksBuildPhase section */

/* Begin PBXGroup section */
		E4ED3D2C1AC0AB4E00310F5F = {
			isa = PBXGroup;
			children = (
				E4ED3D791AC0ACF100310F5F /* libsqlite3.dylib */,
				E4ED3D771AC0ACE600310F5F /* SystemConfiguration.framework */,
				E4ED3D751AC0ACDE00310F5F /* StoreKit.framework */,
				E4ED3D731AC0ACD200310F5F /* Security.framework */,
				E4ED3D711AC0ACC800310F5F /* QuartzCore.framework */,
				E4ED3D6F1AC0ACBC00310F5F /* MobileCoreServices.framework */,
				E4ED3D6D1AC0ACB100310F5F /* libz.dylib */,
				E4ED3D6B1AC0ACA700310F5F /* CoreLocation.framework */,
				E4ED3D691AC0AC9F00310F5F /* CoreGraphics.framework */,
				E4ED3D671AC0AC9800310F5F /* CFNetwork.framework */,
				E4ED3D651AC0AC8F00310F5F /* AudioToolbox.framework */,
				E4ED3D371AC0AB4E00310F5F /* Honours Project */,
				E4ED3D501AC0AB4E00310F5F /* Honours ProjectTests */,
				E4ED3D361AC0AB4E00310F5F /* Products */,
				E45714111BE2D3B2000E219A /* Bolts.framework */,
				E45714121BE2D3B2000E219A /* Parse.framework */,
			);
			sourceTree = "<group>";
		};
		E4ED3D361AC0AB4E00310F5F /* Products */ = {
			isa = PBXGroup;
			children = (
				E4ED3D351AC0AB4E00310F5F /* InstaMap.app */,
				E4ED3D4D1AC0AB4E00310F5F /* Honours ProjectTests.xctest */,
			);
			name = Products;
			sourceTree = "<group>";
		};
		E4ED3D371AC0AB4E00310F5F /* Honours Project */ = {
			isa = PBXGroup;
			children = (
				E4ED3D3A1AC0AB4E00310F5F /* AppDelegate.swift */,
				E4ED3D3F1AC0AB4E00310F5F /* ViewController.swift */,
				E4ED3D801ACDA65500310F5F /* SignUpViewController.swift */,
				E43BB91B1ACEE37500E47637 /* HomeViewController.swift */,
				E47F742B1B73DCF100CF6661 /* MapViewController.swift */,
				E4ED3D411AC0AB4E00310F5F /* Main.storyboard */,
				E40EF7A41BCA91AD0016DB8C /* TabFeedViewController.swift */,
				E4ED3D441AC0AB4E00310F5F /* Images.xcassets */,
				E4ED3D461AC0AB4E00310F5F /* LaunchScreen.xib */,
				E4ED3D3C1AC0AB4E00310F5F /* Honours_Project.xcdatamodeld */,
				E4ED3D381AC0AB4E00310F5F /* Supporting Files */,
				E4ED3D7B1AC0AD7E00310F5F /* Honours Project-Bridging-Header.h */,
				E43C0FFF1B24E35A00906B5D /* camera_large.png */,
				E41EA0AE1BA876AA004F9A88 /* MapAnnotation.swift */,
				E44367211BC1875200A05564 /* UIImage+FileSize.swift */,
				E40EF78A1BC5C6AD0016DB8C /* TabMapViewController.swift */,
				E40EF78C1BC5C7AC0016DB8C /* TabPostViewController.swift */,
				E40EF7A21BCA90D30016DB8C /* Cell.swift */,
				E45714151BE67796000E219A /* CustomMapAnnotation.swift */,
			);
			path = "Honours Project";
			sourceTree = "<group>";
		};
		E4ED3D381AC0AB4E00310F5F /* Supporting Files */ = {
			isa = PBXGroup;
			children = (
				E4ED3D391AC0AB4E00310F5F /* Info.plist */,
			);
			name = "Supporting Files";
			sourceTree = "<group>";
		};
		E4ED3D501AC0AB4E00310F5F /* Honours ProjectTests */ = {
			isa = PBXGroup;
			children = (
				E4ED3D531AC0AB4E00310F5F /* Honours_ProjectTests.swift */,
				E4ED3D511AC0AB4E00310F5F /* Supporting Files */,
			);
			path = "Honours ProjectTests";
			sourceTree = "<group>";
		};
		E4ED3D511AC0AB4E00310F5F /* Supporting Files */ = {
			isa = PBXGroup;
			children = (
				E4ED3D521AC0AB4E00310F5F /* Info.plist */,
			);
			name = "Supporting Files";
			sourceTree = "<group>";
		};
/* End PBXGroup section */

/* Begin PBXNativeTarget section */
		E4ED3D341AC0AB4E00310F5F /* Honours Project */ = {
			isa = PBXNativeTarget;
			buildConfigurationList = E4ED3D571AC0AB4E00310F5F /* Build configuration list for PBXNativeTarget "Honours Project" */;
			buildPhases = (
				E4ED3D311AC0AB4E00310F5F /* Sources */,
				E4ED3D321AC0AB4E00310F5F /* Frameworks */,
				E4ED3D331AC0AB4E00310F5F /* Resources */,
			);
			buildRules = (
			);
			dependencies = (
			);
			name = "Honours Project";
			productName = "Honours Project";
			productReference = E4ED3D351AC0AB4E00310F5F /* InstaMap.app */;
			productType = "com.apple.product-type.application";
		};
		E4ED3D4C1AC0AB4E00310F5F /* Honours ProjectTests */ = {
			isa = PBXNativeTarget;
			buildConfigurationList = E4ED3D5A1AC0AB4E00310F5F /* Build configuration list for PBXNativeTarget "Honours ProjectTests" */;
			buildPhases = (
				E4ED3D491AC0AB4E00310F5F /* Sources */,
				E4ED3D4A1AC0AB4E00310F5F /* Frameworks */,
				E4ED3D4B1AC0AB4E00310F5F /* Resources */,
			);
			buildRules = (
			);
			dependencies = (
				E4ED3D4F1AC0AB4E00310F5F /* PBXTargetDependency */,
			);
			name = "Honours ProjectTests";
			productName = "Honours ProjectTests";
			productReference = E4ED3D4D1AC0AB4E00310F5F /* Honours ProjectTests.xctest */;
			productType = "com.apple.product-type.bundle.unit-test";
		};
/* End PBXNativeTarget section */

/* Begin PBXProject section */
		E4ED3D2D1AC0AB4E00310F5F /* Project object */ = {
			isa = PBXProject;
			attributes = {
				LastSwiftMigration = 0700;
				LastSwiftUpdateCheck = 0700;
				LastUpgradeCheck = 0620;
				ORGANIZATIONNAME = Gathergood;
				TargetAttributes = {
					E4ED3D341AC0AB4E00310F5F = {
						CreatedOnToolsVersion = 6.2;
						DevelopmentTeam = 3757WSN898;
					};
					E4ED3D4C1AC0AB4E00310F5F = {
						CreatedOnToolsVersion = 6.2;
					};
				};
			};
			buildConfigurationList = E4ED3D301AC0AB4E00310F5F /* Build configuration list for PBXProject "Honours Project" */;
			compatibilityVersion = "Xcode 3.2";
			developmentRegion = English;
			hasScannedForEncodings = 0;
			knownRegions = (
				en,
				Base,
			);
			mainGroup = E4ED3D2C1AC0AB4E00310F5F;
			productRefGroup = E4ED3D361AC0AB4E00310F5F /* Products */;
			projectDirPath = "";
			projectRoot = "";
			targets = (
				E4ED3D341AC0AB4E00310F5F /* Honours Project */,
				E4ED3D4C1AC0AB4E00310F5F /* Honours ProjectTests */,
			);
		};
/* End PBXProject section */

/* Begin PBXResourcesBuildPhase section */
		E4ED3D331AC0AB4E00310F5F /* Resources */ = {
			isa = PBXResourcesBuildPhase;
			buildActionMask = 2147483647;
			files = (
				E4ED3D431AC0AB4E00310F5F /* Main.storyboard in Resources */,
				E4ED3D481AC0AB4E00310F5F /* LaunchScreen.xib in Resources */,
				E43C10001B24E35A00906B5D /* camera_large.png in Resources */,
				E4ED3D451AC0AB4E00310F5F /* Images.xcassets in Resources */,
			);
			runOnlyForDeploymentPostprocessing = 0;
		};
		E4ED3D4B1AC0AB4E00310F5F /* Resources */ = {
			isa = PBXResourcesBuildPhase;
			buildActionMask = 2147483647;
			files = (
			);
			runOnlyForDeploymentPostprocessing = 0;
		};
/* End PBXResourcesBuildPhase section */

/* Begin PBXSourcesBuildPhase section */
		E4ED3D311AC0AB4E00310F5F /* Sources */ = {
			isa = PBXSourcesBuildPhase;
			buildActionMask = 2147483647;
			files = (
				E44367221BC1875200A05564 /* UIImage+FileSize.swift in Sources */,
				E43BB91C1ACEE37500E47637 /* HomeViewController.swift in Sources */,
				E40EF78D1BC5C7AC0016DB8C /* TabPostViewController.swift in Sources */,
				E47F742C1B73DCF100CF6661 /* MapViewController.swift in Sources */,
				E41EA0AF1BA876AA004F9A88 /* MapAnnotation.swift in Sources */,
				E4ED3D401AC0AB4E00310F5F /* ViewController.swift in Sources */,
				E4ED3D3E1AC0AB4E00310F5F /* Honours_Project.xcdatamodeld in Sources */,
				E4ED3D811ACDA65500310F5F /* SignUpViewController.swift in Sources */,
				E40EF7A51BCA91AD0016DB8C /* TabFeedViewController.swift in Sources */,
				E40EF7A31BCA90D30016DB8C /* Cell.swift in Sources */,
				E40EF78B1BC5C6AD0016DB8C /* TabMapViewController.swift in Sources */,
				E45714161BE67796000E219A /* CustomMapAnnotation.swift in Sources */,
				E4ED3D3B1AC0AB4E00310F5F /* AppDelegate.swift in Sources */,
			);
			runOnlyForDeploymentPostprocessing = 0;
		};
		E4ED3D491AC0AB4E00310F5F /* Sources */ = {
			isa = PBXSourcesBuildPhase;
			buildActionMask = 2147483647;
			files = (
				E4ED3D541AC0AB4E00310F5F /* Honours_ProjectTests.swift in Sources */,
			);
			runOnlyForDeploymentPostprocessing = 0;
		};
/* End PBXSourcesBuildPhase section */

/* Begin PBXTargetDependency section */
		E4ED3D4F1AC0AB4E00310F5F /* PBXTargetDependency */ = {
			isa = PBXTargetDependency;
			target = E4ED3D341AC0AB4E00310F5F /* Honours Project */;
			targetProxy = E4ED3D4E1AC0AB4E00310F5F /* PBXContainerItemProxy */;
		};
/* End PBXTargetDependency section */

/* Begin PBXVariantGroup section */
		E4ED3D411AC0AB4E00310F5F /* Main.storyboard */ = {
			isa = PBXVariantGroup;
			children = (
				E4ED3D421AC0AB4E00310F5F /* Base */,
			);
			name = Main.storyboard;
			sourceTree = "<group>";
		};
		E4ED3D461AC0AB4E00310F5F /* LaunchScreen.xib */ = {
			isa = PBXVariantGroup;
			children = (
				E4ED3D471AC0AB4E00310F5F /* Base */,
			);
			name = LaunchScreen.xib;
			sourceTree = "<group>";
		};
/* End PBXVariantGroup section */

/* Begin XCBuildConfiguration section */
		E4ED3D551AC0AB4E00310F5F /* Debug */ = {
			isa = XCBuildConfiguration;
			buildSettings = {
				ALWAYS_SEARCH_USER_PATHS = NO;
				CLANG_CXX_LANGUAGE_STANDARD = "gnu++0x";
				CLANG_CXX_LIBRARY = "libc++";
				CLANG_ENABLE_MODULES = YES;
				CLANG_ENABLE_OBJC_ARC = YES;
				CLANG_WARN_BOOL_CONVERSION = YES;
				CLANG_WARN_CONSTANT_CONVERSION = YES;
				CLANG_WARN_DIRECT_OBJC_ISA_USAGE = YES_ERROR;
				CLANG_WARN_EMPTY_BODY = YES;
				CLANG_WARN_ENUM_CONVERSION = YES;
				CLANG_WARN_INT_CONVERSION = YES;
				CLANG_WARN_OBJC_ROOT_CLASS = YES_ERROR;
				CLANG_WARN_UNREACHABLE_CODE = YES;
				CLANG_WARN__DUPLICATE_METHOD_MATCH = YES;
				"CODE_SIGN_IDENTITY[sdk=iphoneos*]" = "iPhone Developer";
				COPY_PHASE_STRIP = NO;
				ENABLE_STRICT_OBJC_MSGSEND = YES;
				ENABLE_TESTABILITY = YES;
				GCC_C_LANGUAGE_STANDARD = gnu99;
				GCC_DYNAMIC_NO_PIC = NO;
				GCC_OPTIMIZATION_LEVEL = 0;
				GCC_PREPROCESSOR_DEFINITIONS = (
					"DEBUG=1",
					"$(inherited)",
				);
				GCC_SYMBOLS_PRIVATE_EXTERN = NO;
				GCC_WARN_64_TO_32_BIT_CONVERSION = YES;
				GCC_WARN_ABOUT_RETURN_TYPE = YES_ERROR;
				GCC_WARN_UNDECLARED_SELECTOR = YES;
				GCC_WARN_UNINITIALIZED_AUTOS = YES_AGGRESSIVE;
				GCC_WARN_UNUSED_FUNCTION = YES;
				GCC_WARN_UNUSED_VARIABLE = YES;
				IPHONEOS_DEPLOYMENT_TARGET = 9.1;
				MTL_ENABLE_DEBUG_INFO = YES;
				ONLY_ACTIVE_ARCH = YES;
				SDKROOT = iphoneos;
				SWIFT_OPTIMIZATION_LEVEL = "-Onone";
			};
			name = Debug;
		};
		E4ED3D561AC0AB4E00310F5F /* Release */ = {
			isa = XCBuildConfiguration;
			buildSettings = {
				ALWAYS_SEARCH_USER_PATHS = NO;
				CLANG_CXX_LANGUAGE_STANDARD = "gnu++0x";
				CLANG_CXX_LIBRARY = "libc++";
				CLANG_ENABLE_MODULES = YES;
				CLANG_ENABLE_OBJC_ARC = YES;
				CLANG_WARN_BOOL_CONVERSION = YES;
				CLANG_WARN_CONSTANT_CONVERSION = YES;
				CLANG_WARN_DIRECT_OBJC_ISA_USAGE = YES_ERROR;
				CLANG_WARN_EMPTY_BODY = YES;
				CLANG_WARN_ENUM_CONVERSION = YES;
				CLANG_WARN_INT_CONVERSION = YES;
				CLANG_WARN_OBJC_ROOT_CLASS = YES_ERROR;
				CLANG_WARN_UNREACHABLE_CODE = YES;
				CLANG_WARN__DUPLICATE_METHOD_MATCH = YES;
				"CODE_SIGN_IDENTITY[sdk=iphoneos*]" = "iPhone Developer";
				COPY_PHASE_STRIP = NO;
				ENABLE_NS_ASSERTIONS = NO;
				ENABLE_STRICT_OBJC_MSGSEND = YES;
				GCC_C_LANGUAGE_STANDARD = gnu99;
				GCC_WARN_64_TO_32_BIT_CONVERSION = YES;
				GCC_WARN_ABOUT_RETURN_TYPE = YES_ERROR;
				GCC_WARN_UNDECLARED_SELECTOR = YES;
				GCC_WARN_UNINITIALIZED_AUTOS = YES_AGGRESSIVE;
				GCC_WARN_UNUSED_FUNCTION = YES;
				GCC_WARN_UNUSED_VARIABLE = YES;
				IPHONEOS_DEPLOYMENT_TARGET = 9.1;
				MTL_ENABLE_DEBUG_INFO = NO;
				SDKROOT = iphoneos;
				VALIDATE_PRODUCT = YES;
			};
			name = Release;
		};
		E4ED3D581AC0AB4E00310F5F /* Debug */ = {
			isa = XCBuildConfiguration;
			buildSettings = {
				ASSETCATALOG_COMPILER_APPICON_NAME = AppIcon;
				CLANG_ENABLE_MODULES = YES;
				CODE_SIGN_IDENTITY = "iPhone Developer";
				FRAMEWORK_SEARCH_PATHS = (
					"$(inherited)",
					"$(PROJECT_DIR)",
					"/Users/Calum/Desktop/parse-library-1.7.2",
					2,
					"$(PROJECT_DIR)/parse-library-1.8.5",
				);
				INFOPLIST_FILE = "Honours Project/Info.plist";
				LD_RUNPATH_SEARCH_PATHS = "$(inherited) @executable_path/Frameworks";
				PRODUCT_BUNDLE_IDENTIFIER = "com.calum.gathergood.$(PRODUCT_NAME:rfc1034identifier)";
				PRODUCT_NAME = InstaMap;
				SWIFT_OBJC_BRIDGING_HEADER = "Honours Project/Honours Project-Bridging-Header.h";
				SWIFT_OPTIMIZATION_LEVEL = "-Onone";
			};
			name = Debug;
		};
		E4ED3D591AC0AB4E00310F5F /* Release */ = {
			isa = XCBuildConfiguration;
			buildSettings = {
				ASSETCATALOG_COMPILER_APPICON_NAME = AppIcon;
				CLANG_ENABLE_MODULES = YES;
				CODE_SIGN_IDENTITY = "iPhone Developer";
				FRAMEWORK_SEARCH_PATHS = (
					"$(inherited)",
					"$(PROJECT_DIR)",
					"/Users/Calum/Desktop/parse-library-1.7.2",
					2,
					"$(PROJECT_DIR)/parse-library-1.8.5",
				);
				INFOPLIST_FILE = "Honours Project/Info.plist";
				LD_RUNPATH_SEARCH_PATHS = "$(inherited) @executable_path/Frameworks";
				PRODUCT_BUNDLE_IDENTIFIER = "com.calum.gathergood.$(PRODUCT_NAME:rfc1034identifier)";
				PRODUCT_NAME = InstaMap;
				SWIFT_OBJC_BRIDGING_HEADER = "Honours Project/Honours Project-Bridging-Header.h";
			};
			name = Release;
		};
		E4ED3D5B1AC0AB4E00310F5F /* Debug */ = {
			isa = XCBuildConfiguration;
			buildSettings = {
				FRAMEWORK_SEARCH_PATHS = (
					"$(SDKROOT)/Developer/Library/Frameworks",
					"$(inherited)",
				);
				GCC_PREPROCESSOR_DEFINITIONS = (
					"DEBUG=1",
					"$(inherited)",
				);
				INFOPLIST_FILE = "Honours ProjectTests/Info.plist";
				LD_RUNPATH_SEARCH_PATHS = "$(inherited) @executable_path/Frameworks @loader_path/Frameworks";
				PRODUCT_BUNDLE_IDENTIFIER = "com.calum.gathergood.$(PRODUCT_NAME:rfc1034identifier)";
				PRODUCT_NAME = "$(TARGET_NAME)";
			};
			name = Debug;
		};
		E4ED3D5C1AC0AB4E00310F5F /* Release */ = {
			isa = XCBuildConfiguration;
			buildSettings = {
				FRAMEWORK_SEARCH_PATHS = (
					"$(SDKROOT)/Developer/Library/Frameworks",
					"$(inherited)",
				);
				INFOPLIST_FILE = "Honours ProjectTests/Info.plist";
				LD_RUNPATH_SEARCH_PATHS = "$(inherited) @executable_path/Frameworks @loader_path/Frameworks";
				PRODUCT_BUNDLE_IDENTIFIER = "com.calum.gathergood.$(PRODUCT_NAME:rfc1034identifier)";
				PRODUCT_NAME = "$(TARGET_NAME)";
			};
			name = Release;
		};
/* End XCBuildConfiguration section */

/* Begin XCConfigurationList section */
		E4ED3D301AC0AB4E00310F5F /* Build configuration list for PBXProject "Honours Project" */ = {
			isa = XCConfigurationList;
			buildConfigurations = (
				E4ED3D551AC0AB4E00310F5F /* Debug */,
				E4ED3D561AC0AB4E00310F5F /* Release */,
			);
			defaultConfigurationIsVisible = 0;
			defaultConfigurationName = Release;
		};
		E4ED3D571AC0AB4E00310F5F /* Build configuration list for PBXNativeTarget "Honours Project" */ = {
			isa = XCConfigurationList;
			buildConfigurations = (
				E4ED3D581AC0AB4E00310F5F /* Debug */,
				E4ED3D591AC0AB4E00310F5F /* Release */,
			);
			defaultConfigurationIsVisible = 0;
			defaultConfigurationName = Release;
		};
		E4ED3D5A1AC0AB4E00310F5F /* Build configuration list for PBXNativeTarget "Honours ProjectTests" */ = {
			isa = XCConfigurationList;
			buildConfigurations = (
				E4ED3D5B1AC0AB4E00310F5F /* Debug */,
				E4ED3D5C1AC0AB4E00310F5F /* Release */,
			);
			defaultConfigurationIsVisible = 0;
			defaultConfigurationName = Release;
		};
/* End XCConfigurationList section */

/* Begin XCVersionGroup section */
		E4ED3D3C1AC0AB4E00310F5F /* Honours_Project.xcdatamodeld */ = {
			isa = XCVersionGroup;
			children = (
				E4ED3D3D1AC0AB4E00310F5F /* Honours_Project.xcdatamodel */,
			);
			currentVersion = E4ED3D3D1AC0AB4E00310F5F /* Honours_Project.xcdatamodel */;
			path = Honours_Project.xcdatamodeld;
			sourceTree = "<group>";
			versionGroupType = wrapper.xcdatamodel;
		};
/* End XCVersionGroup section */
	};
	rootObject = E4ED3D2D1AC0AB4E00310F5F /* Project object */;
}
